
Microsoft Visual Studio Solution File, Format Version 12.00
# Visual Studio 15
VisualStudioVersion = 15.0.28307.1062
MinimumVisualStudioVersion = 10.0.40219.1
Project("{FAE04EC0-301F-11D3-BF4B-00C04F79EFBC}") = "ThStructureCheck.UI", "ThStructureCheck\ThStructureCheck.UI.csproj", "{9E1B50EA-1EDC-4DBB-9D0F-12D673B99090}"
EndProject
Project("{FAE04EC0-301F-11D3-BF4B-00C04F79EFBC}") = "ThBasicLibrary", "ThBasicLibrary\ThBasicLibrary.csproj", "{0F82EA5F-E76C-46BE-AD53-5113367E9848}"
EndProject
Global
	GlobalSection(SolutionConfigurationPlatforms) = preSolution
		Debug|Any CPU = Debug|Any CPU
		Release|Any CPU = Release|Any CPU
	EndGlobalSection
	GlobalSection(ProjectConfigurationPlatforms) = postSolution
		{9E1B50EA-1EDC-4DBB-9D0F-12D673B99090}.Debug|Any CPU.ActiveCfg = Debug|Any CPU
		{9E1B50EA-1EDC-4DBB-9D0F-12D673B99090}.Debug|Any CPU.Build.0 = Debug|Any CPU
		{9E1B50EA-1EDC-4DBB-9D0F-12D673B99090}.Release|Any CPU.ActiveCfg = Release|Any CPU
		{9E1B50EA-1EDC-4DBB-9D0F-12D673B99090}.Release|Any CPU.Build.0 = Release|Any CPU
		{0F82EA5F-E76C-46BE-AD53-5113367E9848}.Debug|Any CPU.ActiveCfg = Debug|Any CPU
		{0F82EA5F-E76C-46BE-AD53-5113367E9848}.Debug|Any CPU.Build.0 = Debug|Any CPU
		{0F82EA5F-E76C-46BE-AD53-5113367E9848}.Release|Any CPU.ActiveCfg = Release|Any CPU
		{0F82EA5F-E76C-46BE-AD53-5113367E9848}.Release|Any CPU.Build.0 = Release|Any CPU
	EndGlobalSection
	GlobalSection(SolutionProperties) = preSolution
		HideSolutionNode = FALSE
	EndGlobalSection
	GlobalSection(ExtensibilityGlobals) = postSolution
		SolutionGuid = {F461B504-D3EF-4BCF-A594-43F86E72603D}
	EndGlobalSection
EndGlobal
