
Microsoft Visual Studio Solution File, Format Version 12.00
# Visual Studio 15
VisualStudioVersion = 15.0.28307.1062
MinimumVisualStudioVersion = 10.0.40219.1
Project("{FAE04EC0-301F-11D3-BF4B-00C04F79EFBC}") = "WpfApp5", "WpfApp5\WpfApp5.csproj", "{7FBF57E1-D437-47E6-88C2-ABEB8C9D6A18}"
EndProject
Global
	GlobalSection(SolutionConfigurationPlatforms) = preSolution
		Debug|Any CPU = Debug|Any CPU
		Release|Any CPU = Release|Any CPU
	EndGlobalSection
	GlobalSection(ProjectConfigurationPlatforms) = postSolution
		{7FBF57E1-D437-47E6-88C2-ABEB8C9D6A18}.Debug|Any CPU.ActiveCfg = Debug|Any CPU
		{7FBF57E1-D437-47E6-88C2-ABEB8C9D6A18}.Debug|Any CPU.Build.0 = Debug|Any CPU
		{7FBF57E1-D437-47E6-88C2-ABEB8C9D6A18}.Release|Any CPU.ActiveCfg = Release|Any CPU
		{7FBF57E1-D437-47E6-88C2-ABEB8C9D6A18}.Release|Any CPU.Build.0 = Release|Any CPU
	EndGlobalSection
	GlobalSection(SolutionProperties) = preSolution
		HideSolutionNode = FALSE
	EndGlobalSection
	GlobalSection(ExtensibilityGlobals) = postSolution
		SolutionGuid = {A7C25EE1-07E1-40EC-8112-794B9EBE5562}
	EndGlobalSection
EndGlobal
